# THIS IS AN AUTOGENERATED FILE. DO NOT EDIT THIS FILE DIRECTLY.
# yarn lockfile v1


"@protobufjs/aspromise@^1.1.1", "@protobufjs/aspromise@^1.1.2":
  "integrity" "sha1-m4sMxmPWaafY9vXQiToU00jzD78="
  "resolved" "https://registry.yarnpkg.com/@protobufjs/aspromise/-/aspromise-1.1.2.tgz"
  "version" "1.1.2"

"@protobufjs/base64@^1.1.2":
  "integrity" "sha512-AZkcAA5vnN/v4PDqKyMR5lx7hZttPDgClv83E//FMNhR2TMcLUhfRUBHCmSl0oi9zMgDDqRUJkSxO3wm85+XLg=="
  "resolved" "https://registry.yarnpkg.com/@protobufjs/base64/-/base64-1.1.2.tgz"
  "version" "1.1.2"

"@protobufjs/codegen@^2.0.4":
  "integrity" "sha512-YyFaikqM5sH0ziFZCN3xDC7zeGaB/d0IUb9CATugHWbd1FRFwWwt4ld4OYMPWu5a3Xe01mGAULCdqhMlPl29Jg=="
  "resolved" "https://registry.yarnpkg.com/@protobufjs/codegen/-/codegen-2.0.4.tgz"
  "version" "2.0.4"

"@protobufjs/eventemitter@^1.1.0":
  "integrity" "sha1-NVy8mLr61ZePntCV85diHx0Ga3A="
  "resolved" "https://registry.yarnpkg.com/@protobufjs/eventemitter/-/eventemitter-1.1.0.tgz"
  "version" "1.1.0"

"@protobufjs/fetch@^1.1.0":
  "integrity" "sha1-upn7WYYUr2VwDBYZ/wbUVLDYTEU="
  "resolved" "https://registry.yarnpkg.com/@protobufjs/fetch/-/fetch-1.1.0.tgz"
  "version" "1.1.0"
  dependencies:
    "@protobufjs/aspromise" "^1.1.1"
    "@protobufjs/inquire" "^1.1.0"

"@protobufjs/float@^1.0.2":
  "integrity" "sha1-Xp4avctz/Ap8uLKR33jIy9l7h9E="
  "resolved" "https://registry.yarnpkg.com/@protobufjs/float/-/float-1.0.2.tgz"
  "version" "1.0.2"

"@protobufjs/inquire@^1.1.0":
  "integrity" "sha1-/yAOPnzyQp4tyvwRQIKOjMY48Ik="
  "resolved" "https://registry.yarnpkg.com/@protobufjs/inquire/-/inquire-1.1.0.tgz"
  "version" "1.1.0"

"@protobufjs/path@^1.1.2":
  "integrity" "sha1-bMKyDFya1q0NzP0hynZz2Nf79o0="
  "resolved" "https://registry.yarnpkg.com/@protobufjs/path/-/path-1.1.2.tgz"
  "version" "1.1.2"

"@protobufjs/pool@^1.1.0":
  "integrity" "sha1-Cf0V8tbTq/qbZbw2ZQbWrXhG/1Q="
  "resolved" "https://registry.yarnpkg.com/@protobufjs/pool/-/pool-1.1.0.tgz"
  "version" "1.1.0"

"@protobufjs/utf8@^1.1.0":
  "integrity" "sha1-p3c2C1s5oaLlEG+OhY8v0tBgxXA="
  "resolved" "https://registry.yarnpkg.com/@protobufjs/utf8/-/utf8-1.1.0.tgz"
  "version" "1.1.0"

"@types/long@^4.0.1":
  "integrity" "sha512-5tXH6Bx/kNGd3MgffdmP4dy2Z+G4eaXw0SE81Tq3BNadtnMR5/ySMzX4SLEzHJzSmPNn4HIdpQsBvXMUykr58w=="
  "resolved" "https://registry.yarnpkg.com/@types/long/-/long-4.0.1.tgz"
  "version" "4.0.1"

"@types/node@^13.7.0":
  "integrity" "sha512-SmWrt1iSL/O+62rWzhvGI508n7kFwpk7B7++rSqyx1RqkNRgWmJ+52Tlu7Cgb/KdCjgiMli37npNfO+tRlKk9w=="
  "resolved" "https://registry.yarnpkg.com/@types/node/-/node-13.13.44.tgz"
  "version" "13.13.44"

"long@^4.0.0":
  "integrity" "sha512-XsP+KhQif4bjX1kbuSiySJFNAehNxgLb6hPRGJ9QsUr8ajHkuXGdrHmFUTUUXhDwVX2R5bY4JNZEwbUiMhV+MA=="
  "resolved" "https://registry.yarnpkg.com/long/-/long-4.0.0.tgz"
  "version" "4.0.0"

"protobufjs@^6.10.2":
  "integrity" "sha512-27yj+04uF6ya9l+qfpH187aqEzfCF4+Uit0I9ZBQVqK09hk/SQzKa2MUqUpXaVa7LOFRg1TSSr3lVxGOk6c0SQ=="
  "resolved" "https://registry.yarnpkg.com/protobufjs/-/protobufjs-6.10.2.tgz"
  "version" "6.10.2"
  dependencies:
    "@protobufjs/aspromise" "^1.1.2"
    "@protobufjs/base64" "^1.1.2"
    "@protobufjs/codegen" "^2.0.4"
    "@protobufjs/eventemitter" "^1.1.0"
    "@protobufjs/fetch" "^1.1.0"
    "@protobufjs/float" "^1.0.2"
    "@protobufjs/inquire" "^1.1.0"
    "@protobufjs/path" "^1.1.2"
    "@protobufjs/pool" "^1.1.0"
    "@protobufjs/utf8" "^1.1.0"
    "@types/long" "^4.0.1"
    "@types/node" "^13.7.0"
    "long" "^4.0.0"

"protoc-gen-ts@^0.3.4":
  "integrity" "sha512-j2oawQXhg+xAK/FbMVHYDyyvjCpX3VdgWXIDQm/3UzzNPXGzpwCMU9r4jexr0fWccuahFPnaqQGOhY0FuOwV2g=="
  "resolved" "https://registry.yarnpkg.com/protoc-gen-ts/-/protoc-gen-ts-0.3.4.tgz"
  "version" "0.3.4"
